// !$*UTF8*$!
{
	archiveVersion = 1;
	classes = {
	};
	objectVersion = 55;
	objects = {

/* Begin PBXBuildFile section */
		04E4CD0328F2605800C2A595 /* AppDelegate.swift in Sources */ = {isa = PBXBuildFile; fileRef = 04E4CD0228F2605800C2A595 /* AppDelegate.swift */; };
		04E4CD0528F2605800C2A595 /* SceneDelegate.swift in Sources */ = {isa = PBXBuildFile; fileRef = 04E4CD0428F2605800C2A595 /* SceneDelegate.swift */; };
		04E4CD0728F2605800C2A595 /* ViewController.swift in Sources */ = {isa = PBXBuildFile; fileRef = 04E4CD0628F2605800C2A595 /* ViewController.swift */; };
		04E4CD0A28F2605800C2A595 /* Main.storyboard in Resources */ = {isa = PBXBuildFile; fileRef = 04E4CD0828F2605800C2A595 /* Main.storyboard */; };
		04E4CD0C28F2605900C2A595 /* Assets.xcassets in Resources */ = {isa = PBXBuildFile; fileRef = 04E4CD0B28F2605900C2A595 /* Assets.xcassets */; };
		04E4CD0F28F2605900C2A595 /* LaunchScreen.storyboard in Resources */ = {isa = PBXBuildFile; fileRef = 04E4CD0D28F2605900C2A595 /* LaunchScreen.storyboard */; };
		04E4CD1A28F2605900C2A595 /* CollectionViewTests.swift in Sources */ = {isa = PBXBuildFile; fileRef = 04E4CD1928F2605900C2A595 /* CollectionViewTests.swift */; };
		04E4CD2428F2605900C2A595 /* CollectionViewUITests.swift in Sources */ = {isa = PBXBuildFile; fileRef = 04E4CD2328F2605900C2A595 /* CollectionViewUITests.swift */; };
		04E4CD2628F2605900C2A595 /* CollectionViewUITestsLaunchTests.swift in Sources */ = {isa = PBXBuildFile; fileRef = 04E4CD2528F2605900C2A595 /* CollectionViewUITestsLaunchTests.swift */; };
		04E4CD3428F2628000C2A595 /* SnacksCollectionViewCell.swift in Sources */ = {isa = PBXBuildFile; fileRef = 04E4CD3228F2628000C2A595 /* SnacksCollectionViewCell.swift */; };
		04E4CD3528F2628000C2A595 /* SnacksCollectionViewCell.xib in Resources */ = {isa = PBXBuildFile; fileRef = 04E4CD3328F2628000C2A595 /* SnacksCollectionViewCell.xib */; };
/* End PBXBuildFile section */

/* Begin PBXContainerItemProxy section */
		04E4CD1628F2605900C2A595 /* PBXContainerItemProxy */ = {
			isa = PBXContainerItemProxy;
			containerPortal = 04E4CCF728F2605800C2A595 /* Project object */;
			proxyType = 1;
			remoteGlobalIDString = 04E4CCFE28F2605800C2A595;
			remoteInfo = CollectionView;
		};
		04E4CD2028F2605900C2A595 /* PBXContainerItemProxy */ = {
			isa = PBXContainerItemProxy;
			containerPortal = 04E4CCF728F2605800C2A595 /* Project object */;
			proxyType = 1;
			remoteGlobalIDString = 04E4CCFE28F2605800C2A595;
			remoteInfo = CollectionView;
		};
/* End PBXContainerItemProxy section */

/* Begin PBXFileReference section */
		04E4CCFF28F2605800C2A595 /* CollectionView.app */ = {isa = PBXFileReference; explicitFileType = wrapper.application; includeInIndex = 0; path = CollectionView.app; sourceTree = BUILT_PRODUCTS_DIR; };
		04E4CD0228F2605800C2A595 /* AppDelegate.swift */ = {isa = PBXFileReference; lastKnownFileType = sourcecode.swift; path = AppDelegate.swift; sourceTree = "<group>"; };
		04E4CD0428F2605800C2A595 /* SceneDelegate.swift */ = {isa = PBXFileReference; lastKnownFileType = sourcecode.swift; path = SceneDelegate.swift; sourceTree = "<group>"; };
		04E4CD0628F2605800C2A595 /* ViewController.swift */ = {isa = PBXFileReference; lastKnownFileType = sourcecode.swift; path = ViewController.swift; sourceTree = "<group>"; };
		04E4CD0928F2605800C2A595 /* Base */ = {isa = PBXFileReference; lastKnownFileType = file.storyboard; name = Base; path = Base.lproj/Main.storyboard; sourceTree = "<group>"; };
		04E4CD0B28F2605900C2A595 /* Assets.xcassets */ = {isa = PBXFileReference; lastKnownFileType = folder.assetcatalog; path = Assets.xcassets; sourceTree = "<group>"; };
		04E4CD0E28F2605900C2A595 /* Base */ = {isa = PBXFileReference; lastKnownFileType = file.storyboard; name = Base; path = Base.lproj/LaunchScreen.storyboard; sourceTree = "<group>"; };
		04E4CD1028F2605900C2A595 /* Info.plist */ = {isa = PBXFileReference; lastKnownFileType = text.plist.xml; path = Info.plist; sourceTree = "<group>"; };
		04E4CD1528F2605900C2A595 /* CollectionViewTests.xctest */ = {isa = PBXFileReference; explicitFileType = wrapper.cfbundle; includeInIndex = 0; path = CollectionViewTests.xctest; sourceTree = BUILT_PRODUCTS_DIR; };
		04E4CD1928F2605900C2A595 /* CollectionViewTests.swift */ = {isa = PBXFileReference; lastKnownFileType = sourcecode.swift; path = CollectionViewTests.swift; sourceTree = "<group>"; };
		04E4CD1F28F2605900C2A595 /* CollectionViewUITests.xctest */ = {isa = PBXFileReference; explicitFileType = wrapper.cfbundle; includeInIndex = 0; path = CollectionViewUITests.xctest; sourceTree = BUILT_PRODUCTS_DIR; };
		04E4CD2328F2605900C2A595 /* CollectionViewUITests.swift */ = {isa = PBXFileReference; lastKnownFileType = sourcecode.swift; path = CollectionViewUITests.swift; sourceTree = "<group>"; };
		04E4CD2528F2605900C2A595 /* CollectionViewUITestsLaunchTests.swift */ = {isa = PBXFileReference; lastKnownFileType = sourcecode.swift; path = CollectionViewUITestsLaunchTests.swift; sourceTree = "<group>"; };
		04E4CD3228F2628000C2A595 /* SnacksCollectionViewCell.swift */ = {isa = PBXFileReference; lastKnownFileType = sourcecode.swift; path = SnacksCollectionViewCell.swift; sourceTree = "<group>"; };
		04E4CD3328F2628000C2A595 /* SnacksCollectionViewCell.xib */ = {isa = PBXFileReference; lastKnownFileType = file.xib; path = SnacksCollectionViewCell.xib; sourceTree = "<group>"; };
/* End PBXFileReference section */

/* Begin PBXFrameworksBuildPhase section */
		04E4CCFC28F2605800C2A595 /* Frameworks */ = {
			isa = PBXFrameworksBuildPhase;
			buildActionMask = 2147483647;
			files = (
			);
			runOnlyForDeploymentPostprocessing = 0;
		};
		04E4CD1228F2605900C2A595 /* Frameworks */ = {
			isa = PBXFrameworksBuildPhase;
			buildActionMask = 2147483647;
			files = (
			);
			runOnlyForDeploymentPostprocessing = 0;
		};
		04E4CD1C28F2605900C2A595 /* Frameworks */ = {
			isa = PBXFrameworksBuildPhase;
			buildActionMask = 2147483647;
			files = (
			);
			runOnlyForDeploymentPostprocessing = 0;
		};
/* End PBXFrameworksBuildPhase section */

/* Begin PBXGroup section */
		04E4CCF628F2605800C2A595 = {
			isa = PBXGroup;
			children = (
				04E4CD0128F2605800C2A595 /* CollectionView */,
				04E4CD1828F2605900C2A595 /* CollectionViewTests */,
				04E4CD2228F2605900C2A595 /* CollectionViewUITests */,
				04E4CD0028F2605800C2A595 /* Products */,
			);
			sourceTree = "<group>";
		};
		04E4CD0028F2605800C2A595 /* Products */ = {
			isa = PBXGroup;
			children = (
				04E4CCFF28F2605800C2A595 /* CollectionView.app */,
				04E4CD1528F2605900C2A595 /* CollectionViewTests.xctest */,
				04E4CD1F28F2605900C2A595 /* CollectionViewUITests.xctest */,
			);
			name = Products;
			sourceTree = "<group>";
		};
		04E4CD0128F2605800C2A595 /* CollectionView */ = {
			isa = PBXGroup;
			children = (
				04E4CD0228F2605800C2A595 /* AppDelegate.swift */,
				04E4CD0428F2605800C2A595 /* SceneDelegate.swift */,
				04E4CD0628F2605800C2A595 /* ViewController.swift */,
				04E4CD0828F2605800C2A595 /* Main.storyboard */,
				04E4CD0B28F2605900C2A595 /* Assets.xcassets */,
				04E4CD3228F2628000C2A595 /* SnacksCollectionViewCell.swift */,
				04E4CD3328F2628000C2A595 /* SnacksCollectionViewCell.xib */,
				04E4CD0D28F2605900C2A595 /* LaunchScreen.storyboard */,
				04E4CD1028F2605900C2A595 /* Info.plist */,
			);
			path = CollectionView;
			sourceTree = "<group>";
		};
		04E4CD1828F2605900C2A595 /* CollectionViewTests */ = {
			isa = PBXGroup;
			children = (
				04E4CD1928F2605900C2A595 /* CollectionViewTests.swift */,
			);
			path = CollectionViewTests;
			sourceTree = "<group>";
		};
		04E4CD2228F2605900C2A595 /* CollectionViewUITests */ = {
			isa = PBXGroup;
			children = (
				04E4CD2328F2605900C2A595 /* CollectionViewUITests.swift */,
				04E4CD2528F2605900C2A595 /* CollectionViewUITestsLaunchTests.swift */,
			);
			path = CollectionViewUITests;
			sourceTree = "<group>";
		};
/* End PBXGroup section */

/* Begin PBXNativeTarget section */
		04E4CCFE28F2605800C2A595 /* CollectionView */ = {
			isa = PBXNativeTarget;
			buildConfigurationList = 04E4CD2928F2605900C2A595 /* Build configuration list for PBXNativeTarget "CollectionView" */;
			buildPhases = (
				04E4CCFB28F2605800C2A595 /* Sources */,
				04E4CCFC28F2605800C2A595 /* Frameworks */,
				04E4CCFD28F2605800C2A595 /* Resources */,
			);
			buildRules = (
			);
			dependencies = (
			);
			name = CollectionView;
			productName = CollectionView;
			productReference = 04E4CCFF28F2605800C2A595 /* CollectionView.app */;
			productType = "com.apple.product-type.application";
		};
		04E4CD1428F2605900C2A595 /* CollectionViewTests */ = {
			isa = PBXNativeTarget;
			buildConfigurationList = 04E4CD2C28F2605900C2A595 /* Build configuration list for PBXNativeTarget "CollectionViewTests" */;
			buildPhases = (
				04E4CD1128F2605900C2A595 /* Sources */,
				04E4CD1228F2605900C2A595 /* Frameworks */,
				04E4CD1328F2605900C2A595 /* Resources */,
			);
			buildRules = (
			);
			dependencies = (
				04E4CD1728F2605900C2A595 /* PBXTargetDependency */,
			);
			name = CollectionViewTests;
			productName = CollectionViewTests;
			productReference = 04E4CD1528F2605900C2A595 /* CollectionViewTests.xctest */;
			productType = "com.apple.product-type.bundle.unit-test";
		};
		04E4CD1E28F2605900C2A595 /* CollectionViewUITests */ = {
			isa = PBXNativeTarget;
			buildConfigurationList = 04E4CD2F28F2605900C2A595 /* Build configuration list for PBXNativeTarget "CollectionViewUITests" */;
			buildPhases = (
				04E4CD1B28F2605900C2A595 /* Sources */,
				04E4CD1C28F2605900C2A595 /* Frameworks */,
				04E4CD1D28F2605900C2A595 /* Resources */,
			);
			buildRules = (
			);
			dependencies = (
				04E4CD2128F2605900C2A595 /* PBXTargetDependency */,
			);
			name = CollectionViewUITests;
			productName = CollectionViewUITests;
			productReference = 04E4CD1F28F2605900C2A595 /* CollectionViewUITests.xctest */;
			productType = "com.apple.product-type.bundle.ui-testing";
		};
/* End PBXNativeTarget section */

/* Begin PBXProject section */
		04E4CCF728F2605800C2A595 /* Project object */ = {
			isa = PBXProject;
			attributes = {
				BuildIndependentTargetsInParallel = 1;
				LastSwiftUpdateCheck = 1340;
				LastUpgradeCheck = 1340;
				TargetAttributes = {
					04E4CCFE28F2605800C2A595 = {
						CreatedOnToolsVersion = 13.4.1;
					};
					04E4CD1428F2605900C2A595 = {
						CreatedOnToolsVersion = 13.4.1;
						TestTargetID = 04E4CCFE28F2605800C2A595;
					};
					04E4CD1E28F2605900C2A595 = {
						CreatedOnToolsVersion = 13.4.1;
						TestTargetID = 04E4CCFE28F2605800C2A595;
					};
				};
			};
			buildConfigurationList = 04E4CCFA28F2605800C2A595 /* Build configuration list for PBXProject "CollectionView" */;
			compatibilityVersion = "Xcode 13.0";
			developmentRegion = en;
			hasScannedForEncodings = 0;
			knownRegions = (
				en,
				Base,
			);
			mainGroup = 04E4CCF628F2605800C2A595;
			productRefGroup = 04E4CD0028F2605800C2A595 /* Products */;
			projectDirPath = "";
			projectRoot = "";
			targets = (
				04E4CCFE28F2605800C2A595 /* CollectionView */,
				04E4CD1428F2605900C2A595 /* CollectionViewTests */,
				04E4CD1E28F2605900C2A595 /* CollectionViewUITests */,
			);
		};
/* End PBXProject section */

/* Begin PBXResourcesBuildPhase section */
		04E4CCFD28F2605800C2A595 /* Resources */ = {
			isa = PBXResourcesBuildPhase;
			buildActionMask = 2147483647;
			files = (
				04E4CD0F28F2605900C2A595 /* LaunchScreen.storyboard in Resources */,
				04E4CD0C28F2605900C2A595 /* Assets.xcassets in Resources */,
				04E4CD0A28F2605800C2A595 /* Main.storyboard in Resources */,
				04E4CD3528F2628000C2A595 /* SnacksCollectionViewCell.xib in Resources */,
			);
			runOnlyForDeploymentPostprocessing = 0;
		};
		04E4CD1328F2605900C2A595 /* Resources */ = {
			isa = PBXResourcesBuildPhase;
			buildActionMask = 2147483647;
			files = (
			);
			runOnlyForDeploymentPostprocessing = 0;
		};
		04E4CD1D28F2605900C2A595 /* Resources */ = {
			isa = PBXResourcesBuildPhase;
			buildActionMask = 2147483647;
			files = (
			);
			runOnlyForDeploymentPostprocessing = 0;
		};
/* End PBXResourcesBuildPhase section */

/* Begin PBXSourcesBuildPhase section */
		04E4CCFB28F2605800C2A595 /* Sources */ = {
			isa = PBXSourcesBuildPhase;
			buildActionMask = 2147483647;
			files = (
				04E4CD0728F2605800C2A595 /* ViewController.swift in Sources */,
				04E4CD0328F2605800C2A595 /* AppDelegate.swift in Sources */,
				04E4CD0528F2605800C2A595 /* SceneDelegate.swift in Sources */,
				04E4CD3428F2628000C2A595 /* SnacksCollectionViewCell.swift in Sources */,
			);
			runOnlyForDeploymentPostprocessing = 0;
		};
		04E4CD1128F2605900C2A595 /* Sources */ = {
			isa = PBXSourcesBuildPhase;
			buildActionMask = 2147483647;
			files = (
				04E4CD1A28F2605900C2A595 /* CollectionViewTests.swift in Sources */,
			);
			runOnlyForDeploymentPostprocessing = 0;
		};
		04E4CD1B28F2605900C2A595 /* Sources */ = {
			isa = PBXSourcesBuildPhase;
			buildActionMask = 2147483647;
			files = (
				04E4CD2428F2605900C2A595 /* CollectionViewUITests.swift in Sources */,
				04E4CD2628F2605900C2A595 /* CollectionViewUITestsLaunchTests.swift in Sources */,
			);
			runOnlyForDeploymentPostprocessing = 0;
		};
/* End PBXSourcesBuildPhase section */

/* Begin PBXTargetDependency section */
		04E4CD1728F2605900C2A595 /* PBXTargetDependency */ = {
			isa = PBXTargetDependency;
			target = 04E4CCFE28F2605800C2A595 /* CollectionView */;
			targetProxy = 04E4CD1628F2605900C2A595 /* PBXContainerItemProxy */;
		};
		04E4CD2128F2605900C2A595 /* PBXTargetDependency */ = {
			isa = PBXTargetDependency;
			target = 04E4CCFE28F2605800C2A595 /* CollectionView */;
			targetProxy = 04E4CD2028F2605900C2A595 /* PBXContainerItemProxy */;
		};
/* End PBXTargetDependency section */

/* Begin PBXVariantGroup section */
		04E4CD0828F2605800C2A595 /* Main.storyboard */ = {
			isa = PBXVariantGroup;
			children = (
				04E4CD0928F2605800C2A595 /* Base */,
			);
			name = Main.storyboard;
			sourceTree = "<group>";
		};
		04E4CD0D28F2605900C2A595 /* LaunchScreen.storyboard */ = {
			isa = PBXVariantGroup;
			children = (
				04E4CD0E28F2605900C2A595 /* Base */,
			);
			name = LaunchScreen.storyboard;
			sourceTree = "<group>";
		};
/* End PBXVariantGroup section */

/* Begin XCBuildConfiguration section */
		04E4CD2728F2605900C2A595 /* Debug */ = {
			isa = XCBuildConfiguration;
			buildSettings = {
				ALWAYS_SEARCH_USER_PATHS = NO;
				CLANG_ANALYZER_NONNULL = YES;
				CLANG_ANALYZER_NUMBER_OBJECT_CONVERSION = YES_AGGRESSIVE;
				CLANG_CXX_LANGUAGE_STANDARD = "gnu++17";
				CLANG_ENABLE_MODULES = YES;
				CLANG_ENABLE_OBJC_ARC = YES;
				CLANG_ENABLE_OBJC_WEAK = YES;
				CLANG_WARN_BLOCK_CAPTURE_AUTORELEASING = YES;
				CLANG_WARN_BOOL_CONVERSION = YES;
				CLANG_WARN_COMMA = YES;
				CLANG_WARN_CONSTANT_CONVERSION = YES;
				CLANG_WARN_DEPRECATED_OBJC_IMPLEMENTATIONS = YES;
				CLANG_WARN_DIRECT_OBJC_ISA_USAGE = YES_ERROR;
				CLANG_WARN_DOCUMENTATION_COMMENTS = YES;
				CLANG_WARN_EMPTY_BODY = YES;
				CLANG_WARN_ENUM_CONVERSION = YES;
				CLANG_WARN_INFINITE_RECURSION = YES;
				CLANG_WARN_INT_CONVERSION = YES;
				CLANG_WARN_NON_LITERAL_NULL_CONVERSION = YES;
				CLANG_WARN_OBJC_IMPLICIT_RETAIN_SELF = YES;
				CLANG_WARN_OBJC_LITERAL_CONVERSION = YES;
				CLANG_WARN_OBJC_ROOT_CLASS = YES_ERROR;
				CLANG_WARN_QUOTED_INCLUDE_IN_FRAMEWORK_HEADER = YES;
				CLANG_WARN_RANGE_LOOP_ANALYSIS = YES;
				CLANG_WARN_STRICT_PROTOTYPES = YES;
				CLANG_WARN_SUSPICIOUS_MOVE = YES;
				CLANG_WARN_UNGUARDED_AVAILABILITY = YES_AGGRESSIVE;
				CLANG_WARN_UNREACHABLE_CODE = YES;
				CLANG_WARN__DUPLICATE_METHOD_MATCH = YES;
				COPY_PHASE_STRIP = NO;
				DEBUG_INFORMATION_FORMAT = dwarf;
				ENABLE_STRICT_OBJC_MSGSEND = YES;
				ENABLE_TESTABILITY = YES;
				GCC_C_LANGUAGE_STANDARD = gnu11;
				GCC_DYNAMIC_NO_PIC = NO;
				GCC_NO_COMMON_BLOCKS = YES;
				GCC_OPTIMIZATION_LEVEL = 0;
				GCC_PREPROCESSOR_DEFINITIONS = (
					"DEBUG=1",
					"$(inherited)",
				);
				GCC_WARN_64_TO_32_BIT_CONVERSION = YES;
				GCC_WARN_ABOUT_RETURN_TYPE = YES_ERROR;
				GCC_WARN_UNDECLARED_SELECTOR = YES;
				GCC_WARN_UNINITIALIZED_AUTOS = YES_AGGRESSIVE;
				GCC_WARN_UNUSED_FUNCTION = YES;
				GCC_WARN_UNUSED_VARIABLE = YES;
				IPHONEOS_DEPLOYMENT_TARGET = 15.5;
				MTL_ENABLE_DEBUG_INFO = INCLUDE_SOURCE;
				MTL_FAST_MATH = YES;
				ONLY_ACTIVE_ARCH = YES;
				SDKROOT = iphoneos;
				SWIFT_ACTIVE_COMPILATION_CONDITIONS = DEBUG;
				SWIFT_OPTIMIZATION_LEVEL = "-Onone";
			};
			name = Debug;
		};
		04E4CD2828F2605900C2A595 /* Release */ = {
			isa = XCBuildConfiguration;
			buildSettings = {
				ALWAYS_SEARCH_USER_PATHS = NO;
				CLANG_ANALYZER_NONNULL = YES;
				CLANG_ANALYZER_NUMBER_OBJECT_CONVERSION = YES_AGGRESSIVE;
				CLANG_CXX_LANGUAGE_STANDARD = "gnu++17";
				CLANG_ENABLE_MODULES = YES;
				CLANG_ENABLE_OBJC_ARC = YES;
				CLANG_ENABLE_OBJC_WEAK = YES;
				CLANG_WARN_BLOCK_CAPTURE_AUTORELEASING = YES;
				CLANG_WARN_BOOL_CONVERSION = YES;
				CLANG_WARN_COMMA = YES;
				CLANG_WARN_CONSTANT_CONVERSION = YES;
				CLANG_WARN_DEPRECATED_OBJC_IMPLEMENTATIONS = YES;
				CLANG_WARN_DIRECT_OBJC_ISA_USAGE = YES_ERROR;
				CLANG_WARN_DOCUMENTATION_COMMENTS = YES;
				CLANG_WARN_EMPTY_BODY = YES;
				CLANG_WARN_ENUM_CONVERSION = YES;
				CLANG_WARN_INFINITE_RECURSION = YES;
				CLANG_WARN_INT_CONVERSION = YES;
				CLANG_WARN_NON_LITERAL_NULL_CONVERSION = YES;
				CLANG_WARN_OBJC_IMPLICIT_RETAIN_SELF = YES;
				CLANG_WARN_OBJC_LITERAL_CONVERSION = YES;
				CLANG_WARN_OBJC_ROOT_CLASS = YES_ERROR;
				CLANG_WARN_QUOTED_INCLUDE_IN_FRAMEWORK_HEADER = YES;
				CLANG_WARN_RANGE_LOOP_ANALYSIS = YES;
				CLANG_WARN_STRICT_PROTOTYPES = YES;
				CLANG_WARN_SUSPICIOUS_MOVE = YES;
				CLANG_WARN_UNGUARDED_AVAILABILITY = YES_AGGRESSIVE;
				CLANG_WARN_UNREACHABLE_CODE = YES;
				CLANG_WARN__DUPLICATE_METHOD_MATCH = YES;
				COPY_PHASE_STRIP = NO;
				DEBUG_INFORMATION_FORMAT = "dwarf-with-dsym";
				ENABLE_NS_ASSERTIONS = NO;
				ENABLE_STRICT_OBJC_MSGSEND = YES;
				GCC_C_LANGUAGE_STANDARD = gnu11;
				GCC_NO_COMMON_BLOCKS = YES;
				GCC_WARN_64_TO_32_BIT_CONVERSION = YES;
				GCC_WARN_ABOUT_RETURN_TYPE = YES_ERROR;
				GCC_WARN_UNDECLARED_SELECTOR = YES;
				GCC_WARN_UNINITIALIZED_AUTOS = YES_AGGRESSIVE;
				GCC_WARN_UNUSED_FUNCTION = YES;
				GCC_WARN_UNUSED_VARIABLE = YES;
				IPHONEOS_DEPLOYMENT_TARGET = 15.5;
				MTL_ENABLE_DEBUG_INFO = NO;
				MTL_FAST_MATH = YES;
				SDKROOT = iphoneos;
				SWIFT_COMPILATION_MODE = wholemodule;
				SWIFT_OPTIMIZATION_LEVEL = "-O";
				VALIDATE_PRODUCT = YES;
			};
			name = Release;
		};
		04E4CD2A28F2605900C2A595 /* Debug */ = {
			isa = XCBuildConfiguration;
			buildSettings = {
				ASSETCATALOG_COMPILER_APPICON_NAME = AppIcon;
				ASSETCATALOG_COMPILER_GLOBAL_ACCENT_COLOR_NAME = AccentColor;
				CODE_SIGN_STYLE = Automatic;
				CURRENT_PROJECT_VERSION = 1;
				GENERATE_INFOPLIST_FILE = YES;
				INFOPLIST_FILE = CollectionView/Info.plist;
				INFOPLIST_KEY_UIApplicationSupportsIndirectInputEvents = YES;
				INFOPLIST_KEY_UILaunchStoryboardName = LaunchScreen;
				INFOPLIST_KEY_UIMainStoryboardFile = Main;
				INFOPLIST_KEY_UISupportedInterfaceOrientations_iPad = "UIInterfaceOrientationPortrait UIInterfaceOrientationPortraitUpsideDown UIInterfaceOrientationLandscapeLeft UIInterfaceOrientationLandscapeRight";
				INFOPLIST_KEY_UISupportedInterfaceOrientations_iPhone = "UIInterfaceOrientationPortrait UIInterfaceOrientationLandscapeLeft UIInterfaceOrientationLandscapeRight";
				LD_RUNPATH_SEARCH_PATHS = (
					"$(inherited)",
					"@executable_path/Frameworks",
				);
				MARKETING_VERSION = 1.0;
				PRODUCT_BUNDLE_IDENTIFIER = demo.CollectionView;
				PRODUCT_NAME = "$(TARGET_NAME)";
				SWIFT_EMIT_LOC_STRINGS = YES;
				SWIFT_VERSION = 5.0;
				TARGETED_DEVICE_FAMILY = "1,2";
			};
			name = Debug;
		};
		04E4CD2B28F2605900C2A595 /* Release */ = {
			isa = XCBuildConfiguration;
			buildSettings = {
				ASSETCATALOG_COMPILER_APPICON_NAME = AppIcon;
				ASSETCATALOG_COMPILER_GLOBAL_ACCENT_COLOR_NAME = AccentColor;
				CODE_SIGN_STYLE = Automatic;
				CURRENT_PROJECT_VERSION = 1;
				GENERATE_INFOPLIST_FILE = YES;
				INFOPLIST_FILE = CollectionView/Info.plist;
				INFOPLIST_KEY_UIApplicationSupportsIndirectInputEvents = YES;
				INFOPLIST_KEY_UILaunchStoryboardName = LaunchScreen;
				INFOPLIST_KEY_UIMainStoryboardFile = Main;
				INFOPLIST_KEY_UISupportedInterfaceOrientations_iPad = "UIInterfaceOrientationPortrait UIInterfaceOrientationPortraitUpsideDown UIInterfaceOrientationLandscapeLeft UIInterfaceOrientationLandscapeRight";
				INFOPLIST_KEY_UISupportedInterfaceOrientations_iPhone = "UIInterfaceOrientationPortrait UIInterfaceOrientationLandscapeLeft UIInterfaceOrientationLandscapeRight";
				LD_RUNPATH_SEARCH_PATHS = (
					"$(inherited)",
					"@executable_path/Frameworks",
				);
				MARKETING_VERSION = 1.0;
				PRODUCT_BUNDLE_IDENTIFIER = demo.CollectionView;
				PRODUCT_NAME = "$(TARGET_NAME)";
				SWIFT_EMIT_LOC_STRINGS = YES;
				SWIFT_VERSION = 5.0;
				TARGETED_DEVICE_FAMILY = "1,2";
			};
			name = Release;
		};
		04E4CD2D28F2605900C2A595 /* Debug */ = {
			isa = XCBuildConfiguration;
			buildSettings = {
				ALWAYS_EMBED_SWIFT_STANDARD_LIBRARIES = YES;
				BUNDLE_LOADER = "$(TEST_HOST)";
				CODE_SIGN_STYLE = Automatic;
				CURRENT_PROJECT_VERSION = 1;
				GENERATE_INFOPLIST_FILE = YES;
				IPHONEOS_DEPLOYMENT_TARGET = 15.5;
				MARKETING_VERSION = 1.0;
				PRODUCT_BUNDLE_IDENTIFIER = demo.CollectionViewTests;
				PRODUCT_NAME = "$(TARGET_NAME)";
				SWIFT_EMIT_LOC_STRINGS = NO;
				SWIFT_VERSION = 5.0;
				TARGETED_DEVICE_FAMILY = "1,2";
				TEST_HOST = "$(BUILT_PRODUCTS_DIR)/CollectionView.app/CollectionView";
			};
			name = Debug;
		};
		04E4CD2E28F2605900C2A595 /* Release */ = {
			isa = XCBuildConfiguration;
			buildSettings = {
				ALWAYS_EMBED_SWIFT_STANDARD_LIBRARIES = YES;
				BUNDLE_LOADER = "$(TEST_HOST)";
				CODE_SIGN_STYLE = Automatic;
				CURRENT_PROJECT_VERSION = 1;
				GENERATE_INFOPLIST_FILE = YES;
				IPHONEOS_DEPLOYMENT_TARGET = 15.5;
				MARKETING_VERSION = 1.0;
				PRODUCT_BUNDLE_IDENTIFIER = demo.CollectionViewTests;
				PRODUCT_NAME = "$(TARGET_NAME)";
				SWIFT_EMIT_LOC_STRINGS = NO;
				SWIFT_VERSION = 5.0;
				TARGETED_DEVICE_FAMILY = "1,2";
				TEST_HOST = "$(BUILT_PRODUCTS_DIR)/CollectionView.app/CollectionView";
			};
			name = Release;
		};
		04E4CD3028F2605900C2A595 /* Debug */ = {
			isa = XCBuildConfiguration;
			buildSettings = {
				ALWAYS_EMBED_SWIFT_STANDARD_LIBRARIES = YES;
				CODE_SIGN_STYLE = Automatic;
				CURRENT_PROJECT_VERSION = 1;
				GENERATE_INFOPLIST_FILE = YES;
				MARKETING_VERSION = 1.0;
				PRODUCT_BUNDLE_IDENTIFIER = demo.CollectionViewUITests;
				PRODUCT_NAME = "$(TARGET_NAME)";
				SWIFT_EMIT_LOC_STRINGS = NO;
				SWIFT_VERSION = 5.0;
				TARGETED_DEVICE_FAMILY = "1,2";
				TEST_TARGET_NAME = CollectionView;
			};
			name = Debug;
		};
		04E4CD3128F2605900C2A595 /* Release */ = {
			isa = XCBuildConfiguration;
			buildSettings = {
				ALWAYS_EMBED_SWIFT_STANDARD_LIBRARIES = YES;
				CODE_SIGN_STYLE = Automatic;
				CURRENT_PROJECT_VERSION = 1;
				GENERATE_INFOPLIST_FILE = YES;
				MARKETING_VERSION = 1.0;
				PRODUCT_BUNDLE_IDENTIFIER = demo.CollectionViewUITests;
				PRODUCT_NAME = "$(TARGET_NAME)";
				SWIFT_EMIT_LOC_STRINGS = NO;
				SWIFT_VERSION = 5.0;
				TARGETED_DEVICE_FAMILY = "1,2";
				TEST_TARGET_NAME = CollectionView;
			};
			name = Release;
		};
/* End XCBuildConfiguration section */

/* Begin XCConfigurationList section */
		04E4CCFA28F2605800C2A595 /* Build configuration list for PBXProject "CollectionView" */ = {
			isa = XCConfigurationList;
			buildConfigurations = (
				04E4CD2728F2605900C2A595 /* Debug */,
				04E4CD2828F2605900C2A595 /* Release */,
			);
			defaultConfigurationIsVisible = 0;
			defaultConfigurationName = Release;
		};
		04E4CD2928F2605900C2A595 /* Build configuration list for PBXNativeTarget "CollectionView" */ = {
			isa = XCConfigurationList;
			buildConfigurations = (
				04E4CD2A28F2605900C2A595 /* Debug */,
				04E4CD2B28F2605900C2A595 /* Release */,
			);
			defaultConfigurationIsVisible = 0;
			defaultConfigurationName = Release;
		};
		04E4CD2C28F2605900C2A595 /* Build configuration list for PBXNativeTarget "CollectionViewTests" */ = {
			isa = XCConfigurationList;
			buildConfigurations = (
				04E4CD2D28F2605900C2A595 /* Debug */,
				04E4CD2E28F2605900C2A595 /* Release */,
			);
			defaultConfigurationIsVisible = 0;
			defaultConfigurationName = Release;
		};
		04E4CD2F28F2605900C2A595 /* Build configuration list for PBXNativeTarget "CollectionViewUITests" */ = {
			isa = XCConfigurationList;
			buildConfigurations = (
				04E4CD3028F2605900C2A595 /* Debug */,
				04E4CD3128F2605900C2A595 /* Release */,
			);
			defaultConfigurationIsVisible = 0;
			defaultConfigurationName = Release;
		};
/* End XCConfigurationList section */
	};
	rootObject = 04E4CCF728F2605800C2A595 /* Project object */;
}
